
Microsoft Visual Studio Solution File, Format Version 12.00
# Visual Studio 15
VisualStudioVersion = 15.0.28307.2017
MinimumVisualStudioVersion = 10.0.40219.1
Project("{FAE04EC0-301F-11D3-BF4B-00C04F79EFBC}") = "backend", "backend\backend.csproj", "{7F2F0230-B888-431B-9FD4-27E3F5F1B3AF}"
EndProject
Global
	GlobalSection(SolutionConfigurationPlatforms) = preSolution
		Debug|Any CPU = Debug|Any CPU
		Release|Any CPU = Release|Any CPU
	EndGlobalSection
	GlobalSection(ProjectConfigurationPlatforms) = postSolution
		{7F2F0230-B888-431B-9FD4-27E3F5F1B3AF}.Debug|Any CPU.ActiveCfg = Debug|Any CPU
		{7F2F0230-B888-431B-9FD4-27E3F5F1B3AF}.Debug|Any CPU.Build.0 = Debug|Any CPU
		{7F2F0230-B888-431B-9FD4-27E3F5F1B3AF}.Release|Any CPU.ActiveCfg = Release|Any CPU
		{7F2F0230-B888-431B-9FD4-27E3F5F1B3AF}.Release|Any CPU.Build.0 = Release|Any CPU
	EndGlobalSection
	GlobalSection(SolutionProperties) = preSolution
		HideSolutionNode = FALSE
	EndGlobalSection
	GlobalSection(ExtensibilityGlobals) = postSolution
		SolutionGuid = {C6D6E979-8576-4F9B-8017-B3EED51B2F8B}
	EndGlobalSection
EndGlobal
